
Microsoft Visual Studio Solution File, Format Version 12.00
# Visual Studio 15
VisualStudioVersion = 15.0.27130.2010
MinimumVisualStudioVersion = 10.0.40219.1
Project("{2150E333-8FDC-42A3-9474-1A3956D46DE8}") = "Solution Items", "Solution Items", "{C46D3E42-837E-4345-A00A-6F78A4A3E7B9}"
	ProjectSection(SolutionItems) = preProject
		.gitignore = .gitignore
		LICENSE = LICENSE
		README.md = README.md
	EndProjectSection
EndProject
Project("{9A19103F-16F7-4668-BE54-9A1E7A4F7556}") = "Merb.Rcvm.FrontEnd", "Merb.Rcvm.FrontEnd\Merb.Rcvm.FrontEnd.csproj", "{01C086F9-A674-436A-8162-210028DC6E1B}"
EndProject
Project("{9A19103F-16F7-4668-BE54-9A1E7A4F7556}") = "Merb.Rcvm.VehicleService", "Merb.Rcvm.VehicleService\Merb.Rcvm.VehicleService.csproj", "{D9F2C1A3-1529-414B-B236-C2772CD467FA}"
EndProject
Project("{2150E333-8FDC-42A3-9474-1A3956D46DE8}") = "Services", "Services", "{53950AC3-841F-4DD8-8865-644E65A4ADC4}"
EndProject
Project("{9A19103F-16F7-4668-BE54-9A1E7A4F7556}") = "Merb.Rcvm.UserService", "Merb.Rcvm.UserService\Merb.Rcvm.UserService.csproj", "{3F44B169-8405-4979-8F82-3A14509E6146}"
EndProject
Project("{9A19103F-16F7-4668-BE54-9A1E7A4F7556}") = "Merb.Rcvm.SkatService", "Merb.Rcvm.SkatService\Merb.Rcvm.SkatService.csproj", "{06EC80CC-376B-4514-A6A8-74D4F6650564}"
EndProject
Project("{FAE04EC0-301F-11D3-BF4B-00C04F79EFBC}") = "Merb.Rcvm.FileSvc", "Merb.Rcvm.FileSvc\Merb.Rcvm.FileSvc.csproj", "{82B293A5-CB52-4DED-A725-8F615B355F74}"
EndProject
Project("{FAE04EC0-301F-11D3-BF4B-00C04F79EFBC}") = "Merb.Rcvm.PartsSvc", "Merb.Rcvm.PartsSvc\Merb.Rcvm.PartsSvc.csproj", "{8CF6935C-B1E7-4F6D-AA1C-6CA23DD95DD6}"
EndProject
Project("{FAE04EC0-301F-11D3-BF4B-00C04F79EFBC}") = "Merb.Rcvm.RecyclingCenterSvc", "Merb.Rcvm.RecyclingCenterSvc\Merb.Rcvm.RecyclingCenterSvc.csproj", "{A643EAC1-BE3D-4933-977A-9B1668ED9505}"
EndProject
Project("{FAE04EC0-301F-11D3-BF4B-00C04F79EFBC}") = "Merb.Rcvm.ReportSvc", "Merb.Rcvm.ReportSvc\Merb.Rcvm.ReportSvc.csproj", "{CC99FF25-E214-49E0-8416-FC80CC003F70}"
EndProject
Project("{FAE04EC0-301F-11D3-BF4B-00C04F79EFBC}") = "Merb.Rcvm.SkatSvc", "Merb.Rcvm.SkatSvc\Merb.Rcvm.SkatSvc.csproj", "{B03EA737-4FDA-49BD-AD3D-15F9669A7F09}"
EndProject
Project("{FAE04EC0-301F-11D3-BF4B-00C04F79EFBC}") = "Merb.Rcvm.UserSvc", "Merb.Rcvm.UserSvc\Merb.Rcvm.UserSvc.csproj", "{BDBA99E1-06FF-4DAD-8BB6-F5B4ACF1B452}"
EndProject
Project("{FAE04EC0-301F-11D3-BF4B-00C04F79EFBC}") = "Merb.Rcvm.VehicleSvc", "Merb.Rcvm.VehicleSvc\Merb.Rcvm.VehicleSvc.csproj", "{29E7A033-18FE-4345-A1A1-76681DB8D04B}"
EndProject
Global
	GlobalSection(SolutionConfigurationPlatforms) = preSolution
		Debug|Any CPU = Debug|Any CPU
		Release|Any CPU = Release|Any CPU
	EndGlobalSection
	GlobalSection(ProjectConfigurationPlatforms) = postSolution
		{01C086F9-A674-436A-8162-210028DC6E1B}.Debug|Any CPU.ActiveCfg = Debug|Any CPU
		{01C086F9-A674-436A-8162-210028DC6E1B}.Debug|Any CPU.Build.0 = Debug|Any CPU
		{01C086F9-A674-436A-8162-210028DC6E1B}.Release|Any CPU.ActiveCfg = Release|Any CPU
		{01C086F9-A674-436A-8162-210028DC6E1B}.Release|Any CPU.Build.0 = Release|Any CPU
		{D9F2C1A3-1529-414B-B236-C2772CD467FA}.Debug|Any CPU.ActiveCfg = Debug|Any CPU
		{D9F2C1A3-1529-414B-B236-C2772CD467FA}.Debug|Any CPU.Build.0 = Debug|Any CPU
		{D9F2C1A3-1529-414B-B236-C2772CD467FA}.Release|Any CPU.ActiveCfg = Release|Any CPU
		{D9F2C1A3-1529-414B-B236-C2772CD467FA}.Release|Any CPU.Build.0 = Release|Any CPU
		{3F44B169-8405-4979-8F82-3A14509E6146}.Debug|Any CPU.ActiveCfg = Debug|Any CPU
		{3F44B169-8405-4979-8F82-3A14509E6146}.Debug|Any CPU.Build.0 = Debug|Any CPU
		{3F44B169-8405-4979-8F82-3A14509E6146}.Release|Any CPU.ActiveCfg = Release|Any CPU
		{3F44B169-8405-4979-8F82-3A14509E6146}.Release|Any CPU.Build.0 = Release|Any CPU
		{06EC80CC-376B-4514-A6A8-74D4F6650564}.Debug|Any CPU.ActiveCfg = Debug|Any CPU
		{06EC80CC-376B-4514-A6A8-74D4F6650564}.Debug|Any CPU.Build.0 = Debug|Any CPU
		{06EC80CC-376B-4514-A6A8-74D4F6650564}.Release|Any CPU.ActiveCfg = Release|Any CPU
		{06EC80CC-376B-4514-A6A8-74D4F6650564}.Release|Any CPU.Build.0 = Release|Any CPU
		{82B293A5-CB52-4DED-A725-8F615B355F74}.Debug|Any CPU.ActiveCfg = Debug|Any CPU
		{82B293A5-CB52-4DED-A725-8F615B355F74}.Debug|Any CPU.Build.0 = Debug|Any CPU
		{82B293A5-CB52-4DED-A725-8F615B355F74}.Release|Any CPU.ActiveCfg = Release|Any CPU
		{82B293A5-CB52-4DED-A725-8F615B355F74}.Release|Any CPU.Build.0 = Release|Any CPU
		{8CF6935C-B1E7-4F6D-AA1C-6CA23DD95DD6}.Debug|Any CPU.ActiveCfg = Debug|Any CPU
		{8CF6935C-B1E7-4F6D-AA1C-6CA23DD95DD6}.Debug|Any CPU.Build.0 = Debug|Any CPU
		{8CF6935C-B1E7-4F6D-AA1C-6CA23DD95DD6}.Release|Any CPU.ActiveCfg = Release|Any CPU
		{8CF6935C-B1E7-4F6D-AA1C-6CA23DD95DD6}.Release|Any CPU.Build.0 = Release|Any CPU
		{A643EAC1-BE3D-4933-977A-9B1668ED9505}.Debug|Any CPU.ActiveCfg = Debug|Any CPU
		{A643EAC1-BE3D-4933-977A-9B1668ED9505}.Debug|Any CPU.Build.0 = Debug|Any CPU
		{A643EAC1-BE3D-4933-977A-9B1668ED9505}.Release|Any CPU.ActiveCfg = Release|Any CPU
		{A643EAC1-BE3D-4933-977A-9B1668ED9505}.Release|Any CPU.Build.0 = Release|Any CPU
		{CC99FF25-E214-49E0-8416-FC80CC003F70}.Debug|Any CPU.ActiveCfg = Debug|Any CPU
		{CC99FF25-E214-49E0-8416-FC80CC003F70}.Debug|Any CPU.Build.0 = Debug|Any CPU
		{CC99FF25-E214-49E0-8416-FC80CC003F70}.Release|Any CPU.ActiveCfg = Release|Any CPU
		{CC99FF25-E214-49E0-8416-FC80CC003F70}.Release|Any CPU.Build.0 = Release|Any CPU
		{B03EA737-4FDA-49BD-AD3D-15F9669A7F09}.Debug|Any CPU.ActiveCfg = Debug|Any CPU
		{B03EA737-4FDA-49BD-AD3D-15F9669A7F09}.Debug|Any CPU.Build.0 = Debug|Any CPU
		{B03EA737-4FDA-49BD-AD3D-15F9669A7F09}.Release|Any CPU.ActiveCfg = Release|Any CPU
		{B03EA737-4FDA-49BD-AD3D-15F9669A7F09}.Release|Any CPU.Build.0 = Release|Any CPU
		{BDBA99E1-06FF-4DAD-8BB6-F5B4ACF1B452}.Debug|Any CPU.ActiveCfg = Debug|Any CPU
		{BDBA99E1-06FF-4DAD-8BB6-F5B4ACF1B452}.Debug|Any CPU.Build.0 = Debug|Any CPU
		{BDBA99E1-06FF-4DAD-8BB6-F5B4ACF1B452}.Release|Any CPU.ActiveCfg = Release|Any CPU
		{BDBA99E1-06FF-4DAD-8BB6-F5B4ACF1B452}.Release|Any CPU.Build.0 = Release|Any CPU
		{29E7A033-18FE-4345-A1A1-76681DB8D04B}.Debug|Any CPU.ActiveCfg = Debug|Any CPU
		{29E7A033-18FE-4345-A1A1-76681DB8D04B}.Debug|Any CPU.Build.0 = Debug|Any CPU
		{29E7A033-18FE-4345-A1A1-76681DB8D04B}.Release|Any CPU.ActiveCfg = Release|Any CPU
		{29E7A033-18FE-4345-A1A1-76681DB8D04B}.Release|Any CPU.Build.0 = Release|Any CPU
	EndGlobalSection
	GlobalSection(SolutionProperties) = preSolution
		HideSolutionNode = FALSE
	EndGlobalSection
	GlobalSection(NestedProjects) = preSolution
		{D9F2C1A3-1529-414B-B236-C2772CD467FA} = {53950AC3-841F-4DD8-8865-644E65A4ADC4}
		{3F44B169-8405-4979-8F82-3A14509E6146} = {53950AC3-841F-4DD8-8865-644E65A4ADC4}
		{06EC80CC-376B-4514-A6A8-74D4F6650564} = {53950AC3-841F-4DD8-8865-644E65A4ADC4}
		{82B293A5-CB52-4DED-A725-8F615B355F74} = {53950AC3-841F-4DD8-8865-644E65A4ADC4}
		{8CF6935C-B1E7-4F6D-AA1C-6CA23DD95DD6} = {53950AC3-841F-4DD8-8865-644E65A4ADC4}
		{A643EAC1-BE3D-4933-977A-9B1668ED9505} = {53950AC3-841F-4DD8-8865-644E65A4ADC4}
		{CC99FF25-E214-49E0-8416-FC80CC003F70} = {53950AC3-841F-4DD8-8865-644E65A4ADC4}
		{B03EA737-4FDA-49BD-AD3D-15F9669A7F09} = {53950AC3-841F-4DD8-8865-644E65A4ADC4}
		{BDBA99E1-06FF-4DAD-8BB6-F5B4ACF1B452} = {53950AC3-841F-4DD8-8865-644E65A4ADC4}
		{29E7A033-18FE-4345-A1A1-76681DB8D04B} = {53950AC3-841F-4DD8-8865-644E65A4ADC4}
	EndGlobalSection
	GlobalSection(ExtensibilityGlobals) = postSolution
		SolutionGuid = {41791284-2BD3-4CE4-AC5E-691B84C365DE}
	EndGlobalSection
EndGlobal
